<Solution>
  <Folder Name="/Solution Items/">
    <File Path=".editorconfig" />
    <File Path="Directory.Build.props" />
    <File Path="Directory.Packages.props" />
    <File Path="global.json" />
    <File Path="README.md" />
  </Folder>
  <Folder Name="/Benchmarks/">
    <Project Path="Benchmarks/DDDToolkit.Benchmarks/DDDToolkit.Benchmarks.csproj" />
  </Folder>
  <Folder Name="/Source/">
    <Project Path="Source/DDDToolkit.Abstractions/DDDToolkit.Abstractions.csproj" />
    <Project Path="Source/DDDToolkit/DDDToolkit.csproj" />
    <Project Path="Source/DDDToolkit.Analyzers/DDDToolkit.Analyzers.csproj" />
    <Project Path="Source/DDDToolkit.Analyzers.CodeFixes/DDDToolkit.Analyzers.CodeFixes.csproj" />
    <Project Path="Source/DDDToolkit.EntityFramework/DDDToolkit.EntityFramework.csproj" />
    <Project Path="Source/DDDToolkit.EntityFramework.Analyzers/DDDToolkit.EntityFramework.Analyzers.csproj" />
    <Project Path="Source/DDDToolkit.Messaging.Postgres/DDDToolkit.Messaging.Postgres.csproj" />
    <Project Path="Source/DDDToolkit.Messaging.Wolverine/DDDToolkit.Messaging.Wolverine.csproj" />
    <Project Path="Source/DDDToolkit.Messaging.MassTransit/DDDToolkit.Messaging.MassTransit.csproj" />
    <Project Path="Source/DDDToolkit.EntityFramework.Postgres/DDDToolkit.EntityFramework.Postgres.csproj" />
    <Project Path="Source/DDDToolkit.EntityFramework.Supabase/DDDToolkit.EntityFramework.Supabase.csproj" />
    <Project Path="Source/DDDToolkit.EntityFramework.Supabase.Analyzers/DDDToolkit.EntityFramework.Supabase.Analyzers.csproj" />
    <Project Path="Source/DDDToolkit.Auth.Supabase/DDDToolkit.Auth.Supabase.csproj" />
    <Project Path="Source/DDDToolkit.Auth.Supabase.AspNetCore/DDDToolkit.Auth.Supabase.AspNetCore.csproj" />
    <Project Path="Source/DDDToolkit.Auth.Supabase.AzureFunctions/DDDToolkit.Auth.Supabase.AzureFunctions.csproj" />
    <Project Path="Source/DDDToolkit.FluentValidation/DDDToolkit.FluentValidation.csproj" />
    <Project Path="Source/DDDToolkit.FluentValidation.Analyzers/DDDToolkit.FluentValidation.Analyzers.csproj" />
    <Project Path="Source/DDDToolkit.HotChocolate/DDDToolkit.HotChocolate.csproj" />
    <Project Path="Source/DDDToolkit.HotChocolate.Fusion.InMemory/DDDToolkit.HotChocolate.Fusion.InMemory.csproj" />
    <Project Path="Source/DDDToolkit.HotChocolate.Analyzers/DDDToolkit.HotChocolate.Analyzers.csproj" />
    <Project Path="Source/DDDToolkit.Localization/DDDToolkit.Localization.csproj" />
    <Project Path="Source/DDDToolkit.Mediator/DDDToolkit.Mediator.csproj" />
    <Project Path="Source/DDDToolkit.NewtonSoft.Json/DDDToolkit.NewtonSoft.Json.csproj" />
    <Project Path="Source/DDDToolkit.Testing/DDDToolkit.Testing.csproj" />
    <Project Path="Source/DDDToolkit.Supporting.Tenancy/DDDToolkit.Supporting.Tenancy.csproj" />
    <Project Path="Source/DDDToolkit.Supporting.Tenancy.Analyzers/DDDToolkit.Supporting.Tenancy.Analyzers.csproj" />
    <Project Path="Source/DDDToolkit.Supporting.Tenancy.EntityFramework/DDDToolkit.Supporting.Tenancy.EntityFramework.csproj" />
    <Project Path="Source/DDDToolkit.Supporting.Tenancy.Postgres/DDDToolkit.Supporting.Tenancy.Postgres.csproj" />
    <Project Path="Source/DDDToolkit.Supporting.Membership/DDDToolkit.Supporting.Membership.csproj" />
    <Project Path="Source/DDDToolkit.Supporting.Membership.Analyzers/DDDToolkit.Supporting.Membership.Analyzers.csproj" />
    <Project Path="Source/DDDToolkit.Supporting.Membership.EntityFramework/DDDToolkit.Supporting.Membership.EntityFramework.csproj" />
    <Project Path="Source/DDDToolkit.Supporting.Membership.EntityFramework.Analyzers/DDDToolkit.Supporting.Membership.EntityFramework.Analyzers.csproj" />
    <Project Path="Source/DDDToolkit.Supporting.Membership.Postgres/DDDToolkit.Supporting.Membership.Postgres.csproj" />
  </Folder>
  <Folder Name="/Examples/">
    <File Path="Examples/README.md" />
    <Project Path="Examples/DDDToolkit.ExampleLibrary/DDDToolkit.ExampleLibrary.csproj" />
    <Project Path="Examples/DDDToolkit.ExampleApi/DDDToolkit.ExampleApi.csproj" />
  </Folder>
  <Folder Name="/Examples/Modules/" />
  <Folder Name="/Examples/Modules/Catalog/">
    <Project Path="Examples/Modules/Catalog/Examples.Webshop.Catalog.Contracts/Examples.Webshop.Catalog.Contracts.csproj" />
    <Project Path="Examples/Modules/Catalog/Examples.Webshop.Catalog/Examples.Webshop.Catalog.csproj" />
    <Project Path="Examples/Modules/Catalog/Examples.Webshop.Catalog.Migrations.SqlServer/Examples.Webshop.Catalog.Migrations.SqlServer.csproj" />
  </Folder>
  <Folder Name="/Examples/Modules/Ordering/">
    <Project Path="Examples/Modules/Ordering/Examples.Webshop.Ordering.Contracts/Examples.Webshop.Ordering.Contracts.csproj" />
    <Project Path="Examples/Modules/Ordering/Examples.Webshop.Ordering/Examples.Webshop.Ordering.csproj" />
    <Project Path="Examples/Modules/Ordering/Examples.Webshop.Ordering.Migrations.SqlServer/Examples.Webshop.Ordering.Migrations.SqlServer.csproj" />
  </Folder>
  <Folder Name="/Examples/Modules/Inventory/">
    <Project Path="Examples/Modules/Inventory/Examples.Webshop.Inventory.Contracts/Examples.Webshop.Inventory.Contracts.csproj" />
    <Project Path="Examples/Modules/Inventory/Examples.Webshop.Inventory/Examples.Webshop.Inventory.csproj" />
    <Project Path="Examples/Modules/Inventory/Examples.Webshop.Inventory.Migrations.SqlServer/Examples.Webshop.Inventory.Migrations.SqlServer.csproj" />
  </Folder>
  <Folder Name="/Examples/Modules/Payments/">
    <Project Path="Examples/Modules/Payments/Examples.Webshop.Payments.Contracts/Examples.Webshop.Payments.Contracts.csproj" />
    <Project Path="Examples/Modules/Payments/Examples.Webshop.Payments/Examples.Webshop.Payments.csproj" />
    <Project Path="Examples/Modules/Payments/Examples.Webshop.Payments.Migrations.SqlServer/Examples.Webshop.Payments.Migrations.SqlServer.csproj" />
  </Folder>
  <Folder Name="/Examples/Modules/Shipping/">
    <Project Path="Examples/Modules/Shipping/Examples.Webshop.Shipping/Examples.Webshop.Shipping.csproj" />
    <Project Path="Examples/Modules/Shipping/Examples.Webshop.Shipping.Migrations.SqlServer/Examples.Webshop.Shipping.Migrations.SqlServer.csproj" />
  </Folder>
  <Folder Name="/Examples/Modules/SharedKernel/">
    <Project Path="Examples/Modules/SharedKernel/Examples.Webshop.SharedKernel/Examples.Webshop.SharedKernel.csproj" />
  </Folder>
  <Folder Name="/Examples/Shared/">
    <Project Path="Examples/Shared/Examples.Hosting/Examples.Hosting.csproj" />
    <Project Path="Examples/Shared/Examples.ServiceDefaults/Examples.ServiceDefaults.csproj" />
  </Folder>
  <Folder Name="/Examples/ModularMonolith.SqlServer/">
    <Project Path="Examples/ModularMonolith.SqlServer/Examples.Webshop.SqlServer.AppHost/Examples.Webshop.SqlServer.AppHost.csproj" />
    <Project Path="Examples/ModularMonolith.SqlServer/Examples.Webshop.SqlServer.Host/Examples.Webshop.SqlServer.Host.csproj" />
  </Folder>
  <Folder Name="/Examples/ModularMonolith.Supabase/">
    <Project Path="Examples/ModularMonolith.Supabase/Examples.Webshop.Host/Examples.Webshop.Host.csproj" />
    <Project Path="Examples/ModularMonolith.Supabase/Examples.Webshop.Supabase.AppHost/Examples.Webshop.Supabase.AppHost.csproj" />
  </Folder>
  <Folder Name="/Examples/Microservices.Pgmq/">
    <Project Path="Examples/Microservices.Pgmq/Examples.Webshop.Pgmq.AppHost/Examples.Webshop.Pgmq.AppHost.csproj" />
    <Project Path="Examples/Microservices.Pgmq/Examples.Webshop.Pgmq.Storefront/Examples.Webshop.Pgmq.Storefront.csproj" />
    <Project Path="Examples/Microservices.Pgmq/Examples.Webshop.Pgmq.Payments/Examples.Webshop.Pgmq.Payments.csproj" />
    <Project Path="Examples/Microservices.Pgmq/Examples.Webshop.Pgmq.Fulfilment/Examples.Webshop.Pgmq.Fulfilment.csproj" />
    <Project Path="Examples/Microservices.Pgmq/Examples.Webshop.Pgmq.Gateway/Examples.Webshop.Pgmq.Gateway.csproj" />
  </Folder>
  <Folder Name="/Examples/Microservices.Wolverine/">
    <Project Path="Examples/Microservices.Wolverine/Examples.Webshop.Wolverine.AppHost/Examples.Webshop.Wolverine.AppHost.csproj" />
    <Project Path="Examples/Microservices.Wolverine/Examples.Webshop.Wolverine.Storefront/Examples.Webshop.Wolverine.Storefront.csproj" />
    <Project Path="Examples/Microservices.Wolverine/Examples.Webshop.Wolverine.Payments/Examples.Webshop.Wolverine.Payments.csproj" />
    <Project Path="Examples/Microservices.Wolverine/Examples.Webshop.Wolverine.Fulfilment/Examples.Webshop.Wolverine.Fulfilment.csproj" />
    <Project Path="Examples/Microservices.Wolverine/Examples.Webshop.Wolverine.Gateway/Examples.Webshop.Wolverine.Gateway.csproj" />
  </Folder>
  <Folder Name="/Examples/Microservices.MassTransit/">
    <Project Path="Examples/Microservices.MassTransit/Examples.Webshop.MassTransit.AppHost/Examples.Webshop.MassTransit.AppHost.csproj" />
    <Project Path="Examples/Microservices.MassTransit/Examples.Webshop.MassTransit.Storefront/Examples.Webshop.MassTransit.Storefront.csproj" />
    <Project Path="Examples/Microservices.MassTransit/Examples.Webshop.MassTransit.Payments/Examples.Webshop.MassTransit.Payments.csproj" />
    <Project Path="Examples/Microservices.MassTransit/Examples.Webshop.MassTransit.Fulfilment/Examples.Webshop.MassTransit.Fulfilment.csproj" />
    <Project Path="Examples/Microservices.MassTransit/Examples.Webshop.MassTransit.Gateway/Examples.Webshop.MassTransit.Gateway.csproj" />
  </Folder>
  <Folder Name="/Examples/Tenancy/">
    <Project Path="Examples/Tenancy/Examples.Tenancy.AppHost/Examples.Tenancy.AppHost.csproj" />
    <Project Path="Examples/Tenancy/Examples.Tenancy.Catalogue/Examples.Tenancy.Catalogue.csproj" />
    <Project Path="Examples/Tenancy/Examples.Tenancy.Exporter/Examples.Tenancy.Exporter.csproj" />
    <Project Path="Examples/Tenancy/Examples.Tenancy.Host/Examples.Tenancy.Host.csproj" />
    <Project Path="Examples/Tenancy/Examples.Tenancy.Ui/Examples.Tenancy.Ui.csproj" />
  </Folder>
  <Folder Name="/Examples/Tenancy/Modules/" />
  <Folder Name="/Examples/Tenancy/Modules/Inspections/">
    <Project Path="Examples/Tenancy/Modules/Inspections/Examples.Tenancy.Inspections.Domain/Examples.Tenancy.Inspections.Domain.csproj" />
    <Project Path="Examples/Tenancy/Modules/Inspections/Examples.Tenancy.Inspections.Application/Examples.Tenancy.Inspections.Application.csproj" />
    <Project Path="Examples/Tenancy/Modules/Inspections/Examples.Tenancy.Inspections.Infrastructure/Examples.Tenancy.Inspections.Infrastructure.csproj" />
    <Project Path="Examples/Tenancy/Modules/Inspections/Examples.Tenancy.Inspections.Api/Examples.Tenancy.Inspections.Api.csproj" />
  </Folder>
  <Folder Name="/Examples/Tenancy/Modules/Projects/">
    <Project Path="Examples/Tenancy/Modules/Projects/Examples.Tenancy.Projects.Contracts/Examples.Tenancy.Projects.Contracts.csproj" />
    <Project Path="Examples/Tenancy/Modules/Projects/Examples.Tenancy.Projects.Domain/Examples.Tenancy.Projects.Domain.csproj" />
    <Project Path="Examples/Tenancy/Modules/Projects/Examples.Tenancy.Projects.Application/Examples.Tenancy.Projects.Application.csproj" />
    <Project Path="Examples/Tenancy/Modules/Projects/Examples.Tenancy.Projects.Infrastructure/Examples.Tenancy.Projects.Infrastructure.csproj" />
    <Project Path="Examples/Tenancy/Modules/Projects/Examples.Tenancy.Projects.Api/Examples.Tenancy.Projects.Api.csproj" />
  </Folder>
  <Folder Name="/Examples/Tenancy/Modules/Tenants/">
    <Project Path="Examples/Tenancy/Modules/Tenants/Examples.Tenancy.Tenants.Contracts/Examples.Tenancy.Tenants.Contracts.csproj" />
    <Project Path="Examples/Tenancy/Modules/Tenants/Examples.Tenancy.Tenants.Domain/Examples.Tenancy.Tenants.Domain.csproj" />
    <Project Path="Examples/Tenancy/Modules/Tenants/Examples.Tenancy.Tenants.Application/Examples.Tenancy.Tenants.Application.csproj" />
    <Project Path="Examples/Tenancy/Modules/Tenants/Examples.Tenancy.Tenants.Infrastructure/Examples.Tenancy.Tenants.Infrastructure.csproj" />
    <Project Path="Examples/Tenancy/Modules/Tenants/Examples.Tenancy.Tenants.Api/Examples.Tenancy.Tenants.Api.csproj" />
  </Folder>
  <Folder Name="/Examples/Tenancy/Shared/">
    <Project Path="Examples/Tenancy/Shared/Examples.Tenancy.Shared.Application/Examples.Tenancy.Shared.Application.csproj" />
    <Project Path="Examples/Tenancy/Shared/Examples.Tenancy.Shared.Domain/Examples.Tenancy.Shared.Domain.csproj" />
    <Project Path="Examples/Tenancy/Shared/Examples.Tenancy.Shared.Infrastructure/Examples.Tenancy.Shared.Infrastructure.csproj" />
  </Folder>
  <Folder Name="/Tests/Spikes/">
    <Project Path="Tests/Spikes/DDDToolkit.Spikes.FusionInProcess/DDDToolkit.Spikes.FusionInProcess.csproj" />
  </Folder>
  <Folder Name="/Tests/">
    <Project Path="Tests/DDDToolkit.Tests/DDDToolkit.Tests.csproj" />
    <Project Path="Tests/DDDToolkit.Analyzers.Tests/DDDToolkit.Analyzers.Tests.csproj" />
    <Project Path="Tests/DDDToolkit.Auth.Supabase.Tests/DDDToolkit.Auth.Supabase.Tests.csproj" />
    <Project Path="Tests/DDDToolkit.EntityFramework.Providers.Tests/DDDToolkit.EntityFramework.Providers.Tests.csproj" />
    <Project Path="Tests/DDDToolkit.EntityFramework.Tests/DDDToolkit.EntityFramework.Tests.csproj" />
    <Project Path="Tests/Examples.Webshop.Tests/Examples.Webshop.Tests.csproj" />
    <Project Path="Tests/Examples.AppHost.Tests/Examples.AppHost.Tests.csproj" />
    <Project Path="Tests/Examples.Tenancy.Tests/Examples.Tenancy.Tests.csproj" />
    <Project Path="Tests/DDDToolkit.HotChocolate.Tests/DDDToolkit.HotChocolate.Tests.csproj" />
    <Project Path="Tests/DDDToolkit.HotChocolate.Tests.Harbor.Domain/DDDToolkit.HotChocolate.Tests.Harbor.Domain.csproj" />
    <Project Path="Tests/DDDToolkit.HotChocolate.Tests.Harbor.Api/DDDToolkit.HotChocolate.Tests.Harbor.Api.csproj" />
    <Project Path="Tests/DDDToolkit.HotChocolate.Tests.Gallery.Api/DDDToolkit.HotChocolate.Tests.Gallery.Api.csproj" />
    <Project Path="Tests/DDDToolkit.HotChocolate.Fusion.InMemory.Tests/DDDToolkit.HotChocolate.Fusion.InMemory.Tests.csproj" />
    <Project Path="Tests/DDDToolkit.Mediator.Tests/DDDToolkit.Mediator.Tests.csproj" />
    <Project Path="Tests/DDDToolkit.Messaging.Tests/DDDToolkit.Messaging.Tests.csproj" />
    <Project Path="Tests/DDDToolkit.Testing.Tests/DDDToolkit.Testing.Tests.csproj" />
    <Project Path="Tests/DDDToolkit.Supporting.Tenancy.TestHost/DDDToolkit.Supporting.Tenancy.TestHost.csproj" />
    <Project Path="Tests/DDDToolkit.Supporting.Tenancy.Tests/DDDToolkit.Supporting.Tenancy.Tests.csproj" />
    <Project Path="Tests/DDDToolkit.Supporting.Tenancy.EntityFramework.Tests/DDDToolkit.Supporting.Tenancy.EntityFramework.Tests.csproj" />
    <Project Path="Tests/DDDToolkit.Supporting.Tenancy.Postgres.Tests/DDDToolkit.Supporting.Tenancy.Postgres.Tests.csproj" />
    <Project Path="Tests/DDDToolkit.Supporting.Membership.TestHost/DDDToolkit.Supporting.Membership.TestHost.csproj" />
    <Project Path="Tests/DDDToolkit.Supporting.Membership.Tests/DDDToolkit.Supporting.Membership.Tests.csproj" />
    <Project Path="Tests/DDDToolkit.Supporting.Membership.EntityFramework.Tests/DDDToolkit.Supporting.Membership.EntityFramework.Tests.csproj" />
    <Project Path="Tests/DDDToolkit.Supporting.Membership.Postgres.Tests/DDDToolkit.Supporting.Membership.Postgres.Tests.csproj" />
    <Project Path="Tests/DDDToolkit.Supporting.Together.TestHost/DDDToolkit.Supporting.Together.TestHost.csproj" />
    <Project Path="Tests/DDDToolkit.Supporting.Together.Tests/DDDToolkit.Supporting.Together.Tests.csproj" />
  </Folder>
</Solution>
